// !$*UTF8*$!
{
	archiveVersion = 1;
	classes = {
	};
	objectVersion = 51;
	objects = {

/* Begin PBXBuildFile section */
		1F630FBB7B1FE59E974F5A4E /* Pods_SportsApp.framework in Frameworks */ = {isa = PBXBuildFile; fileRef = 8F71B2BDB2636F7DB59E99C8 /* Pods_SportsApp.framework */; };
		D94E73D1262B843000DC4CE6 /* AppDelegate.swift in Sources */ = {isa = PBXBuildFile; fileRef = D94E73D0262B843000DC4CE6 /* AppDelegate.swift */; };
		D94E73D3262B843000DC4CE6 /* SceneDelegate.swift in Sources */ = {isa = PBXBuildFile; fileRef = D94E73D2262B843000DC4CE6 /* SceneDelegate.swift */; };
		D94E73D5262B843000DC4CE6 /* ViewController.swift in Sources */ = {isa = PBXBuildFile; fileRef = D94E73D4262B843000DC4CE6 /* ViewController.swift */; };
		D94E73D8262B843000DC4CE6 /* Main.storyboard in Resources */ = {isa = PBXBuildFile; fileRef = D94E73D6262B843000DC4CE6 /* Main.storyboard */; };
		D94E73DB262B843000DC4CE6 /* SportsApp.xcdatamodeld in Sources */ = {isa = PBXBuildFile; fileRef = D94E73D9262B843000DC4CE6 /* SportsApp.xcdatamodeld */; };
		D94E73DD262B843800DC4CE6 /* Assets.xcassets in Resources */ = {isa = PBXBuildFile; fileRef = D94E73DC262B843800DC4CE6 /* Assets.xcassets */; };
		D94E73E0262B843800DC4CE6 /* LaunchScreen.storyboard in Resources */ = {isa = PBXBuildFile; fileRef = D94E73DE262B843800DC4CE6 /* LaunchScreen.storyboard */; };
		D94E73FD262B877B00DC4CE6 /* Constans.swift in Sources */ = {isa = PBXBuildFile; fileRef = D94E73FC262B877B00DC4CE6 /* Constans.swift */; };
		D94E7402262B88EC00DC4CE6 /* Repository.swift in Sources */ = {isa = PBXBuildFile; fileRef = D94E7401262B88EC00DC4CE6 /* Repository.swift */; };
		D94E7404262B891900DC4CE6 /* RepositoryProtocol.swift in Sources */ = {isa = PBXBuildFile; fileRef = D94E7403262B891800DC4CE6 /* RepositoryProtocol.swift */; };
		D94E7406262B894200DC4CE6 /* DataSourceProtocol.swift in Sources */ = {isa = PBXBuildFile; fileRef = D94E7405262B894200DC4CE6 /* DataSourceProtocol.swift */; };
		D94E7408262B899E00DC4CE6 /* RemoteDataSource.swift in Sources */ = {isa = PBXBuildFile; fileRef = D94E7407262B899E00DC4CE6 /* RemoteDataSource.swift */; };
		D94E740A262B89BB00DC4CE6 /* LocalDataSource.swift in Sources */ = {isa = PBXBuildFile; fileRef = D94E7409262B89BB00DC4CE6 /* LocalDataSource.swift */; };
		D94E740E262B8A0500DC4CE6 /* RemoteDataSourceProtocol.swift in Sources */ = {isa = PBXBuildFile; fileRef = D94E740D262B8A0500DC4CE6 /* RemoteDataSourceProtocol.swift */; };
		D94E7410262B8A3300DC4CE6 /* LocalDataSourceProtocol.swift in Sources */ = {isa = PBXBuildFile; fileRef = D94E740F262B8A3300DC4CE6 /* LocalDataSourceProtocol.swift */; };
		D94E7412262B8B7700DC4CE6 /* SportsResponse.swift in Sources */ = {isa = PBXBuildFile; fileRef = D94E7411262B8B7700DC4CE6 /* SportsResponse.swift */; };
		D94E7414262B8C1C00DC4CE6 /* LeagueResponse.swift in Sources */ = {isa = PBXBuildFile; fileRef = D94E7413262B8C1C00DC4CE6 /* LeagueResponse.swift */; };
		D94E7416262B8CD400DC4CE6 /* LeagueDetail.swift in Sources */ = {isa = PBXBuildFile; fileRef = D94E7415262B8CD400DC4CE6 /* LeagueDetail.swift */; };
		D94E7418262B901D00DC4CE6 /* LatestResults.swift in Sources */ = {isa = PBXBuildFile; fileRef = D94E7417262B901D00DC4CE6 /* LatestResults.swift */; };
		D94E741A262B94B800DC4CE6 /* TeamsResponse.swift in Sources */ = {isa = PBXBuildFile; fileRef = D94E7419262B94B800DC4CE6 /* TeamsResponse.swift */; };
		D94E741C262B998200DC4CE6 /* TeamDetailPresenter.swift in Sources */ = {isa = PBXBuildFile; fileRef = D94E741B262B998200DC4CE6 /* TeamDetailPresenter.swift */; };
		D94E741E262B99B600DC4CE6 /* LeagueDetailPresenter.swift in Sources */ = {isa = PBXBuildFile; fileRef = D94E741D262B99B600DC4CE6 /* LeagueDetailPresenter.swift */; };
		D94E7420262B99D200DC4CE6 /* LeaguePresenter.swift in Sources */ = {isa = PBXBuildFile; fileRef = D94E741F262B99D200DC4CE6 /* LeaguePresenter.swift */; };
		D94E7422262B99F600DC4CE6 /* FavoritePresenter.swift in Sources */ = {isa = PBXBuildFile; fileRef = D94E7421262B99F600DC4CE6 /* FavoritePresenter.swift */; };
		D94E7424262B9A2100DC4CE6 /* HomePresenter.swift in Sources */ = {isa = PBXBuildFile; fileRef = D94E7423262B9A2100DC4CE6 /* HomePresenter.swift */; };
		D94E7426262B9A4100DC4CE6 /* HomePresenterProtocol.swift in Sources */ = {isa = PBXBuildFile; fileRef = D94E7425262B9A4100DC4CE6 /* HomePresenterProtocol.swift */; };
		D94E7428262B9A6000DC4CE6 /* FavoritePresenterProtocol.swift in Sources */ = {isa = PBXBuildFile; fileRef = D94E7427262B9A6000DC4CE6 /* FavoritePresenterProtocol.swift */; };
		D94E742A262B9A7C00DC4CE6 /* LeaguePresenterProtocol.swift in Sources */ = {isa = PBXBuildFile; fileRef = D94E7429262B9A7C00DC4CE6 /* LeaguePresenterProtocol.swift */; };
		D94E742C262B9AA500DC4CE6 /* LeagueDetailPresenterProtocol.swift in Sources */ = {isa = PBXBuildFile; fileRef = D94E742B262B9AA500DC4CE6 /* LeagueDetailPresenterProtocol.swift */; };
		D94E742E262B9AC600DC4CE6 /* TeamDetailPresenterProtocol.swift in Sources */ = {isa = PBXBuildFile; fileRef = D94E742D262B9AC600DC4CE6 /* TeamDetailPresenterProtocol.swift */; };
		D94E7430262B9BAC00DC4CE6 /* view2.swift in Sources */ = {isa = PBXBuildFile; fileRef = D94E742F262B9BAC00DC4CE6 /* view2.swift */; };
		D94E7432262B9BC800DC4CE6 /* view1.swift in Sources */ = {isa = PBXBuildFile; fileRef = D94E7431262B9BC800DC4CE6 /* view1.swift */; };
		D94E7436262B9BF900DC4CE6 /* view4.swift in Sources */ = {isa = PBXBuildFile; fileRef = D94E7435262B9BF900DC4CE6 /* view4.swift */; };
		E341808026321B7F005AEE3C /* FavoritCell.swift in Sources */ = {isa = PBXBuildFile; fileRef = E341807F26321B7F005AEE3C /* FavoritCell.swift */; };
		E341808226321BD1005AEE3C /* FavoritsViewController.swift in Sources */ = {isa = PBXBuildFile; fileRef = E341808126321BD1005AEE3C /* FavoritsViewController.swift */; };
		E341808426322DA5005AEE3C /* LeaguesViewController.swift in Sources */ = {isa = PBXBuildFile; fileRef = E341808326322DA5005AEE3C /* LeaguesViewController.swift */; };
		E341808626322E10005AEE3C /* LeaguesCell.swift in Sources */ = {isa = PBXBuildFile; fileRef = E341808526322E10005AEE3C /* LeaguesCell.swift */; };
		E351BCF3262E16C40037A121 /* Events.swift in Sources */ = {isa = PBXBuildFile; fileRef = E351BCF1262E16C40037A121 /* Events.swift */; };
		E351BCF4262E16C40037A121 /* UpcomingEvents.swift in Sources */ = {isa = PBXBuildFile; fileRef = E351BCF2262E16C40037A121 /* UpcomingEvents.swift */; };
		E355D8D5262F609F0027D0A8 /* APIRequest.swift in Sources */ = {isa = PBXBuildFile; fileRef = E355D8D4262F609F0027D0A8 /* APIRequest.swift */; };
		E355D8D7262F64CE0027D0A8 /* APIRequestProtocol.swift in Sources */ = {isa = PBXBuildFile; fileRef = E355D8D6262F64CE0027D0A8 /* APIRequestProtocol.swift */; };
		E355D8DA262F79BC0027D0A8 /* SportsRepoProtocol.swift in Sources */ = {isa = PBXBuildFile; fileRef = E355D8D9262F79BC0027D0A8 /* SportsRepoProtocol.swift */; };
		E355D8DC262F79E90027D0A8 /* SportsRepo.swift in Sources */ = {isa = PBXBuildFile; fileRef = E355D8DB262F79E90027D0A8 /* SportsRepo.swift */; };
		E355D8DE262F7A100027D0A8 /* LeagueRepoProtocol.swift in Sources */ = {isa = PBXBuildFile; fileRef = E355D8DD262F7A100027D0A8 /* LeagueRepoProtocol.swift */; };
		E355D8E0262F7A2B0027D0A8 /* LeaguesRepo.swift in Sources */ = {isa = PBXBuildFile; fileRef = E355D8DF262F7A2B0027D0A8 /* LeaguesRepo.swift */; };
		E355D8E2262F7A7A0027D0A8 /* LeagueDetailsRepoProtocol.swift in Sources */ = {isa = PBXBuildFile; fileRef = E355D8E1262F7A7A0027D0A8 /* LeagueDetailsRepoProtocol.swift */; };
		E355D8E4262F7A8F0027D0A8 /* LeagueDetailsRepo.swift in Sources */ = {isa = PBXBuildFile; fileRef = E355D8E3262F7A8F0027D0A8 /* LeagueDetailsRepo.swift */; };
		E359304926347F07000CF3B5 /* SportsViewControllerProtocol.swift in Sources */ = {isa = PBXBuildFile; fileRef = E359304826347F07000CF3B5 /* SportsViewControllerProtocol.swift */; };
		E35A5CA12631BBE60093BE31 /* sport.png in Resources */ = {isa = PBXBuildFile; fileRef = E35A5CA02631BBE50093BE31 /* sport.png */; };
		E35C43D2262F88F200644EA6 /* AppDependancy.swift in Sources */ = {isa = PBXBuildFile; fileRef = E35C43D1262F88F200644EA6 /* AppDependancy.swift */; };
		E35C43D6262F988D00644EA6 /* RouterD.swift in Sources */ = {isa = PBXBuildFile; fileRef = E35C43D5262F988D00644EA6 /* RouterD.swift */; };
		E389B5D8262CFB4C008FE78B /* Json4Swift_Base.swift in Sources */ = {isa = PBXBuildFile; fileRef = E389B5D6262CFB4A008FE78B /* Json4Swift_Base.swift */; };
		E389B5D9262CFB4C008FE78B /* Countrys.swift in Sources */ = {isa = PBXBuildFile; fileRef = E389B5D7262CFB4B008FE78B /* Countrys.swift */; };
		E3AD7A2E2630F80300051A37 /* SportsCell.swift in Sources */ = {isa = PBXBuildFile; fileRef = E3AD7A2D2630F80300051A37 /* SportsCell.swift */; };
		E3E6BFD22630DD5400EAA7AC /* SportsViewController.swift in Sources */ = {isa = PBXBuildFile; fileRef = E3E6BFD12630DD5400EAA7AC /* SportsViewController.swift */; };
/* End PBXBuildFile section */

/* Begin PBXFileReference section */
		8F71B2BDB2636F7DB59E99C8 /* Pods_SportsApp.framework */ = {isa = PBXFileReference; explicitFileType = wrapper.framework; includeInIndex = 0; path = Pods_SportsApp.framework; sourceTree = BUILT_PRODUCTS_DIR; };
		D94E73CD262B843000DC4CE6 /* SportsApp.app */ = {isa = PBXFileReference; explicitFileType = wrapper.application; includeInIndex = 0; path = SportsApp.app; sourceTree = BUILT_PRODUCTS_DIR; };
		D94E73D0262B843000DC4CE6 /* AppDelegate.swift */ = {isa = PBXFileReference; lastKnownFileType = sourcecode.swift; path = AppDelegate.swift; sourceTree = "<group>"; };
		D94E73D2262B843000DC4CE6 /* SceneDelegate.swift */ = {isa = PBXFileReference; lastKnownFileType = sourcecode.swift; path = SceneDelegate.swift; sourceTree = "<group>"; };
		D94E73D4262B843000DC4CE6 /* ViewController.swift */ = {isa = PBXFileReference; lastKnownFileType = sourcecode.swift; path = ViewController.swift; sourceTree = "<group>"; };
		D94E73D7262B843000DC4CE6 /* Base */ = {isa = PBXFileReference; lastKnownFileType = file.storyboard; name = Base; path = Base.lproj/Main.storyboard; sourceTree = "<group>"; };
		D94E73DA262B843000DC4CE6 /* SportsApp.xcdatamodel */ = {isa = PBXFileReference; lastKnownFileType = wrapper.xcdatamodel; path = SportsApp.xcdatamodel; sourceTree = "<group>"; };
		D94E73DC262B843800DC4CE6 /* Assets.xcassets */ = {isa = PBXFileReference; lastKnownFileType = folder.assetcatalog; path = Assets.xcassets; sourceTree = "<group>"; };
		D94E73DF262B843800DC4CE6 /* Base */ = {isa = PBXFileReference; lastKnownFileType = file.storyboard; name = Base; path = Base.lproj/LaunchScreen.storyboard; sourceTree = "<group>"; };
		D94E73E1262B843800DC4CE6 /* Info.plist */ = {isa = PBXFileReference; lastKnownFileType = text.plist.xml; path = Info.plist; sourceTree = "<group>"; };
		D94E73FC262B877B00DC4CE6 /* Constans.swift */ = {isa = PBXFileReference; lastKnownFileType = sourcecode.swift; path = Constans.swift; sourceTree = "<group>"; };
		D94E7401262B88EC00DC4CE6 /* Repository.swift */ = {isa = PBXFileReference; lastKnownFileType = sourcecode.swift; path = Repository.swift; sourceTree = "<group>"; };
		D94E7403262B891800DC4CE6 /* RepositoryProtocol.swift */ = {isa = PBXFileReference; lastKnownFileType = sourcecode.swift; path = RepositoryProtocol.swift; sourceTree = "<group>"; };
		D94E7405262B894200DC4CE6 /* DataSourceProtocol.swift */ = {isa = PBXFileReference; lastKnownFileType = sourcecode.swift; path = DataSourceProtocol.swift; sourceTree = "<group>"; };
		D94E7407262B899E00DC4CE6 /* RemoteDataSource.swift */ = {isa = PBXFileReference; lastKnownFileType = sourcecode.swift; path = RemoteDataSource.swift; sourceTree = "<group>"; };
		D94E7409262B89BB00DC4CE6 /* LocalDataSource.swift */ = {isa = PBXFileReference; lastKnownFileType = sourcecode.swift; path = LocalDataSource.swift; sourceTree = "<group>"; };
		D94E740D262B8A0500DC4CE6 /* RemoteDataSourceProtocol.swift */ = {isa = PBXFileReference; lastKnownFileType = sourcecode.swift; path = RemoteDataSourceProtocol.swift; sourceTree = "<group>"; };
		D94E740F262B8A3300DC4CE6 /* LocalDataSourceProtocol.swift */ = {isa = PBXFileReference; lastKnownFileType = sourcecode.swift; path = LocalDataSourceProtocol.swift; sourceTree = "<group>"; };
		D94E7411262B8B7700DC4CE6 /* SportsResponse.swift */ = {isa = PBXFileReference; lastKnownFileType = sourcecode.swift; path = SportsResponse.swift; sourceTree = "<group>"; };
		D94E7413262B8C1C00DC4CE6 /* LeagueResponse.swift */ = {isa = PBXFileReference; lastKnownFileType = sourcecode.swift; path = LeagueResponse.swift; sourceTree = "<group>"; };
		D94E7415262B8CD400DC4CE6 /* LeagueDetail.swift */ = {isa = PBXFileReference; lastKnownFileType = sourcecode.swift; path = LeagueDetail.swift; sourceTree = "<group>"; };
		D94E7417262B901D00DC4CE6 /* LatestResults.swift */ = {isa = PBXFileReference; lastKnownFileType = sourcecode.swift; path = LatestResults.swift; sourceTree = "<group>"; };
		D94E7419262B94B800DC4CE6 /* TeamsResponse.swift */ = {isa = PBXFileReference; lastKnownFileType = sourcecode.swift; path = TeamsResponse.swift; sourceTree = "<group>"; };
		D94E741B262B998200DC4CE6 /* TeamDetailPresenter.swift */ = {isa = PBXFileReference; lastKnownFileType = sourcecode.swift; path = TeamDetailPresenter.swift; sourceTree = "<group>"; };
		D94E741D262B99B600DC4CE6 /* LeagueDetailPresenter.swift */ = {isa = PBXFileReference; lastKnownFileType = sourcecode.swift; path = LeagueDetailPresenter.swift; sourceTree = "<group>"; };
		D94E741F262B99D200DC4CE6 /* LeaguePresenter.swift */ = {isa = PBXFileReference; lastKnownFileType = sourcecode.swift; path = LeaguePresenter.swift; sourceTree = "<group>"; };
		D94E7421262B99F600DC4CE6 /* FavoritePresenter.swift */ = {isa = PBXFileReference; lastKnownFileType = sourcecode.swift; path = FavoritePresenter.swift; sourceTree = "<group>"; };
		D94E7423262B9A2100DC4CE6 /* HomePresenter.swift */ = {isa = PBXFileReference; lastKnownFileType = sourcecode.swift; path = HomePresenter.swift; sourceTree = "<group>"; };
		D94E7425262B9A4100DC4CE6 /* HomePresenterProtocol.swift */ = {isa = PBXFileReference; lastKnownFileType = sourcecode.swift; path = HomePresenterProtocol.swift; sourceTree = "<group>"; };
		D94E7427262B9A6000DC4CE6 /* FavoritePresenterProtocol.swift */ = {isa = PBXFileReference; lastKnownFileType = sourcecode.swift; path = FavoritePresenterProtocol.swift; sourceTree = "<group>"; };
		D94E7429262B9A7C00DC4CE6 /* LeaguePresenterProtocol.swift */ = {isa = PBXFileReference; lastKnownFileType = sourcecode.swift; path = LeaguePresenterProtocol.swift; sourceTree = "<group>"; };
		D94E742B262B9AA500DC4CE6 /* LeagueDetailPresenterProtocol.swift */ = {isa = PBXFileReference; lastKnownFileType = sourcecode.swift; path = LeagueDetailPresenterProtocol.swift; sourceTree = "<group>"; };
		D94E742D262B9AC600DC4CE6 /* TeamDetailPresenterProtocol.swift */ = {isa = PBXFileReference; lastKnownFileType = sourcecode.swift; path = TeamDetailPresenterProtocol.swift; sourceTree = "<group>"; };
		D94E742F262B9BAC00DC4CE6 /* view2.swift */ = {isa = PBXFileReference; lastKnownFileType = sourcecode.swift; path = view2.swift; sourceTree = "<group>"; };
		D94E7431262B9BC800DC4CE6 /* view1.swift */ = {isa = PBXFileReference; lastKnownFileType = sourcecode.swift; path = view1.swift; sourceTree = "<group>"; };
		D94E7435262B9BF900DC4CE6 /* view4.swift */ = {isa = PBXFileReference; lastKnownFileType = sourcecode.swift; path = view4.swift; sourceTree = "<group>"; };
		DA99A66AB3373265AC250FBB /* Pods-SportsApp.debug.xcconfig */ = {isa = PBXFileReference; includeInIndex = 1; lastKnownFileType = text.xcconfig; name = "Pods-SportsApp.debug.xcconfig"; path = "Target Support Files/Pods-SportsApp/Pods-SportsApp.debug.xcconfig"; sourceTree = "<group>"; };
		E341807F26321B7F005AEE3C /* FavoritCell.swift */ = {isa = PBXFileReference; lastKnownFileType = sourcecode.swift; name = FavoritCell.swift; path = SportsApp/module/teamdetail/FavoritCell.swift; sourceTree = SOURCE_ROOT; };
		E341808126321BD1005AEE3C /* FavoritsViewController.swift */ = {isa = PBXFileReference; lastKnownFileType = sourcecode.swift; path = FavoritsViewController.swift; sourceTree = "<group>"; };
		E341808326322DA5005AEE3C /* LeaguesViewController.swift */ = {isa = PBXFileReference; lastKnownFileType = sourcecode.swift; path = LeaguesViewController.swift; sourceTree = "<group>"; };
		E341808526322E10005AEE3C /* LeaguesCell.swift */ = {isa = PBXFileReference; lastKnownFileType = sourcecode.swift; path = LeaguesCell.swift; sourceTree = "<group>"; };
		E351BCF1262E16C40037A121 /* Events.swift */ = {isa = PBXFileReference; fileEncoding = 4; lastKnownFileType = sourcecode.swift; path = Events.swift; sourceTree = "<group>"; };
		E351BCF2262E16C40037A121 /* UpcomingEvents.swift */ = {isa = PBXFileReference; fileEncoding = 4; lastKnownFileType = sourcecode.swift; path = UpcomingEvents.swift; sourceTree = "<group>"; };
		E355D8D4262F609F0027D0A8 /* APIRequest.swift */ = {isa = PBXFileReference; lastKnownFileType = sourcecode.swift; path = APIRequest.swift; sourceTree = "<group>"; };
		E355D8D6262F64CE0027D0A8 /* APIRequestProtocol.swift */ = {isa = PBXFileReference; lastKnownFileType = sourcecode.swift; path = APIRequestProtocol.swift; sourceTree = "<group>"; };
		E355D8D9262F79BC0027D0A8 /* SportsRepoProtocol.swift */ = {isa = PBXFileReference; lastKnownFileType = sourcecode.swift; path = SportsRepoProtocol.swift; sourceTree = "<group>"; };
		E355D8DB262F79E90027D0A8 /* SportsRepo.swift */ = {isa = PBXFileReference; lastKnownFileType = sourcecode.swift; path = SportsRepo.swift; sourceTree = "<group>"; };
		E355D8DD262F7A100027D0A8 /* LeagueRepoProtocol.swift */ = {isa = PBXFileReference; lastKnownFileType = sourcecode.swift; path = LeagueRepoProtocol.swift; sourceTree = "<group>"; };
		E355D8DF262F7A2B0027D0A8 /* LeaguesRepo.swift */ = {isa = PBXFileReference; lastKnownFileType = sourcecode.swift; path = LeaguesRepo.swift; sourceTree = "<group>"; };
		E355D8E1262F7A7A0027D0A8 /* LeagueDetailsRepoProtocol.swift */ = {isa = PBXFileReference; lastKnownFileType = sourcecode.swift; path = LeagueDetailsRepoProtocol.swift; sourceTree = "<group>"; };
		E355D8E3262F7A8F0027D0A8 /* LeagueDetailsRepo.swift */ = {isa = PBXFileReference; lastKnownFileType = sourcecode.swift; path = LeagueDetailsRepo.swift; sourceTree = "<group>"; };
		E359304826347F07000CF3B5 /* SportsViewControllerProtocol.swift */ = {isa = PBXFileReference; lastKnownFileType = sourcecode.swift; path = SportsViewControllerProtocol.swift; sourceTree = "<group>"; };
		E35A5CA02631BBE50093BE31 /* sport.png */ = {isa = PBXFileReference; lastKnownFileType = image.png; path = sport.png; sourceTree = "<group>"; };
		E35C43D1262F88F200644EA6 /* AppDependancy.swift */ = {isa = PBXFileReference; lastKnownFileType = sourcecode.swift; name = AppDependancy.swift; path = SportsApp/model/service/NetworkResponeRepo/AppDependancy.swift; sourceTree = SOURCE_ROOT; };
		E35C43D5262F988D00644EA6 /* RouterD.swift */ = {isa = PBXFileReference; lastKnownFileType = sourcecode.swift; name = RouterD.swift; path = SportsApp/model/service/NetworkResponeRepo/RouterD.swift; sourceTree = SOURCE_ROOT; };
		E389B5D6262CFB4A008FE78B /* Json4Swift_Base.swift */ = {isa = PBXFileReference; fileEncoding = 4; lastKnownFileType = sourcecode.swift; path = Json4Swift_Base.swift; sourceTree = "<group>"; };
		E389B5D7262CFB4B008FE78B /* Countrys.swift */ = {isa = PBXFileReference; fileEncoding = 4; lastKnownFileType = sourcecode.swift; path = Countrys.swift; sourceTree = "<group>"; };
		E3AD7A2D2630F80300051A37 /* SportsCell.swift */ = {isa = PBXFileReference; lastKnownFileType = sourcecode.swift; path = SportsCell.swift; sourceTree = "<group>"; };
		E3E6BFD12630DD5400EAA7AC /* SportsViewController.swift */ = {isa = PBXFileReference; lastKnownFileType = sourcecode.swift; path = SportsViewController.swift; sourceTree = "<group>"; };
		F8822B3A0D33864A7F5EE2C8 /* Pods-SportsApp.release.xcconfig */ = {isa = PBXFileReference; includeInIndex = 1; lastKnownFileType = text.xcconfig; name = "Pods-SportsApp.release.xcconfig"; path = "Target Support Files/Pods-SportsApp/Pods-SportsApp.release.xcconfig"; sourceTree = "<group>"; };
/* End PBXFileReference section */

/* Begin PBXFrameworksBuildPhase section */
		D94E73CA262B843000DC4CE6 /* Frameworks */ = {
			isa = PBXFrameworksBuildPhase;
			buildActionMask = 2147483647;
			files = (
				1F630FBB7B1FE59E974F5A4E /* Pods_SportsApp.framework in Frameworks */,
			);
			runOnlyForDeploymentPostprocessing = 0;
		};
/* End PBXFrameworksBuildPhase section */

/* Begin PBXGroup section */
		2C3E35FF8B14F3CA35537F1E /* Pods */ = {
			isa = PBXGroup;
			children = (
				DA99A66AB3373265AC250FBB /* Pods-SportsApp.debug.xcconfig */,
				F8822B3A0D33864A7F5EE2C8 /* Pods-SportsApp.release.xcconfig */,
			);
			path = Pods;
			sourceTree = "<group>";
		};
		7967F85914535631AEB61940 /* Frameworks */ = {
			isa = PBXGroup;
			children = (
				8F71B2BDB2636F7DB59E99C8 /* Pods_SportsApp.framework */,
			);
			name = Frameworks;
			sourceTree = "<group>";
		};
		D94E73C4262B842F00DC4CE6 = {
			isa = PBXGroup;
			children = (
				D94E73CF262B843000DC4CE6 /* SportsApp */,
				D94E73CE262B843000DC4CE6 /* Products */,
				2C3E35FF8B14F3CA35537F1E /* Pods */,
				7967F85914535631AEB61940 /* Frameworks */,
			);
			sourceTree = "<group>";
		};
		D94E73CE262B843000DC4CE6 /* Products */ = {
			isa = PBXGroup;
			children = (
				D94E73CD262B843000DC4CE6 /* SportsApp.app */,
			);
			name = Products;
			sourceTree = "<group>";
		};
		D94E73CF262B843000DC4CE6 /* SportsApp */ = {
			isa = PBXGroup;
			children = (
				E35A5CA02631BBE50093BE31 /* sport.png */,
				D94E73EB262B866600DC4CE6 /* util */,
				D94E73EA262B865600DC4CE6 /* helper */,
				D94E73E9262B863600DC4CE6 /* module */,
				D94E73E8262B862100DC4CE6 /* model */,
				D94E73D0262B843000DC4CE6 /* AppDelegate.swift */,
				D94E73D2262B843000DC4CE6 /* SceneDelegate.swift */,
				D94E73D4262B843000DC4CE6 /* ViewController.swift */,
				D94E73D6262B843000DC4CE6 /* Main.storyboard */,
				D94E73DC262B843800DC4CE6 /* Assets.xcassets */,
				D94E73DE262B843800DC4CE6 /* LaunchScreen.storyboard */,
				D94E73E1262B843800DC4CE6 /* Info.plist */,
				D94E73D9262B843000DC4CE6 /* SportsApp.xcdatamodeld */,
			);
			path = SportsApp;
			sourceTree = "<group>";
		};
		D94E73E7262B860D00DC4CE6 /* service */ = {
			isa = PBXGroup;
			children = (
				E355D8D8262F77130027D0A8 /* NetworkResponeRepo */,
				E355D8D1262F5F8F0027D0A8 /* APIServices */,
				D94E73FF262B88B200DC4CE6 /* remotedatasource */,
				D94E73FE262B88A300DC4CE6 /* localdatasource */,
				D94E7401262B88EC00DC4CE6 /* Repository.swift */,
				D94E7403262B891800DC4CE6 /* RepositoryProtocol.swift */,
				D94E7405262B894200DC4CE6 /* DataSourceProtocol.swift */,
			);
			path = service;
			sourceTree = "<group>";
		};
		D94E73E8262B862100DC4CE6 /* model */ = {
			isa = PBXGroup;
			children = (
				E351BCF1262E16C40037A121 /* Events.swift */,
				E351BCF2262E16C40037A121 /* UpcomingEvents.swift */,
				E389B5D7262CFB4B008FE78B /* Countrys.swift */,
				E389B5D6262CFB4A008FE78B /* Json4Swift_Base.swift */,
				D94E7411262B8B7700DC4CE6 /* SportsResponse.swift */,
				D94E7413262B8C1C00DC4CE6 /* LeagueResponse.swift */,
				D94E7415262B8CD400DC4CE6 /* LeagueDetail.swift */,
				D94E7417262B901D00DC4CE6 /* LatestResults.swift */,
				D94E7419262B94B800DC4CE6 /* TeamsResponse.swift */,
				D94E73E7262B860D00DC4CE6 /* service */,
			);
			path = model;
			sourceTree = "<group>";
		};
		D94E73E9262B863600DC4CE6 /* module */ = {
			isa = PBXGroup;
			children = (
				D94E73F0262B86BB00DC4CE6 /* teamdetail */,
				D94E73EF262B86A600DC4CE6 /* leaguedetail */,
				D94E73EE262B869D00DC4CE6 /* league */,
				D94E73ED262B869200DC4CE6 /* favorite */,
				D94E73EC262B868700DC4CE6 /* home */,
			);
			path = module;
			sourceTree = "<group>";
		};
		D94E73EA262B865600DC4CE6 /* helper */ = {
			isa = PBXGroup;
			children = (
				D94E73FC262B877B00DC4CE6 /* Constans.swift */,
			);
			path = helper;
			sourceTree = "<group>";
		};
		D94E73EB262B866600DC4CE6 /* util */ = {
			isa = PBXGroup;
			children = (
				E35C43D1262F88F200644EA6 /* AppDependancy.swift */,
				E35C43D5262F988D00644EA6 /* RouterD.swift */,
			);
			path = util;
			sourceTree = "<group>";
		};
		D94E73EC262B868700DC4CE6 /* home */ = {
			isa = PBXGroup;
			children = (
				D94E73FA262B874400DC4CE6 /* view */,
				D94E73F9262B873B00DC4CE6 /* presenter */,
			);
			path = home;
			sourceTree = "<group>";
		};
		D94E73ED262B869200DC4CE6 /* favorite */ = {
			isa = PBXGroup;
			children = (
				D94E73F8262B873300DC4CE6 /* view */,
				D94E73F7262B872200DC4CE6 /* presenter */,
			);
			path = favorite;
			sourceTree = "<group>";
		};
		D94E73EE262B869D00DC4CE6 /* league */ = {
			isa = PBXGroup;
			children = (
				D94E73F6262B871600DC4CE6 /* view */,
				D94E73F5262B870600DC4CE6 /* presenter */,
			);
			path = league;
			sourceTree = "<group>";
		};
		D94E73EF262B86A600DC4CE6 /* leaguedetail */ = {
			isa = PBXGroup;
			children = (
				D94E73F4262B86F100DC4CE6 /* view */,
				D94E73F3262B86E500DC4CE6 /* presenter */,
			);
			path = leaguedetail;
			sourceTree = "<group>";
		};
		D94E73F0262B86BB00DC4CE6 /* teamdetail */ = {
			isa = PBXGroup;
			children = (
				D94E73F2262B86D900DC4CE6 /* presenter */,
				D94E73F1262B86CC00DC4CE6 /* view */,
			);
			path = teamdetail;
			sourceTree = "<group>";
		};
		D94E73F1262B86CC00DC4CE6 /* view */ = {
			isa = PBXGroup;
			children = (
				D94E7431262B9BC800DC4CE6 /* view1.swift */,
			);
			path = view;
			sourceTree = "<group>";
		};
		D94E73F2262B86D900DC4CE6 /* presenter */ = {
			isa = PBXGroup;
			children = (
				D94E741B262B998200DC4CE6 /* TeamDetailPresenter.swift */,
				D94E742D262B9AC600DC4CE6 /* TeamDetailPresenterProtocol.swift */,
			);
			path = presenter;
			sourceTree = "<group>";
		};
		D94E73F3262B86E500DC4CE6 /* presenter */ = {
			isa = PBXGroup;
			children = (
				D94E741D262B99B600DC4CE6 /* LeagueDetailPresenter.swift */,
				D94E742B262B9AA500DC4CE6 /* LeagueDetailPresenterProtocol.swift */,
			);
			path = presenter;
			sourceTree = "<group>";
		};
		D94E73F4262B86F100DC4CE6 /* view */ = {
			isa = PBXGroup;
			children = (
				D94E742F262B9BAC00DC4CE6 /* view2.swift */,
			);
			path = view;
			sourceTree = "<group>";
		};
		D94E73F5262B870600DC4CE6 /* presenter */ = {
			isa = PBXGroup;
			children = (
				D94E741F262B99D200DC4CE6 /* LeaguePresenter.swift */,
				D94E7429262B9A7C00DC4CE6 /* LeaguePresenterProtocol.swift */,
			);
			path = presenter;
			sourceTree = "<group>";
		};
		D94E73F6262B871600DC4CE6 /* view */ = {
			isa = PBXGroup;
			children = (
				E341808326322DA5005AEE3C /* LeaguesViewController.swift */,
				E341808526322E10005AEE3C /* LeaguesCell.swift */,
			);
			path = view;
			sourceTree = "<group>";
		};
		D94E73F7262B872200DC4CE6 /* presenter */ = {
			isa = PBXGroup;
			children = (
				D94E7421262B99F600DC4CE6 /* FavoritePresenter.swift */,
				D94E7427262B9A6000DC4CE6 /* FavoritePresenterProtocol.swift */,
			);
			path = presenter;
			sourceTree = "<group>";
		};
		D94E73F8262B873300DC4CE6 /* view */ = {
			isa = PBXGroup;
			children = (
				D94E7435262B9BF900DC4CE6 /* view4.swift */,
				E341807F26321B7F005AEE3C /* FavoritCell.swift */,
				E341808126321BD1005AEE3C /* FavoritsViewController.swift */,
			);
			path = view;
			sourceTree = "<group>";
		};
		D94E73F9262B873B00DC4CE6 /* presenter */ = {
			isa = PBXGroup;
			children = (
				D94E7423262B9A2100DC4CE6 /* HomePresenter.swift */,
				D94E7425262B9A4100DC4CE6 /* HomePresenterProtocol.swift */,
			);
			path = presenter;
			sourceTree = "<group>";
		};
		D94E73FA262B874400DC4CE6 /* view */ = {
			isa = PBXGroup;
			children = (
				E3E6BFD12630DD5400EAA7AC /* SportsViewController.swift */,
				E3AD7A2D2630F80300051A37 /* SportsCell.swift */,
				E359304826347F07000CF3B5 /* SportsViewControllerProtocol.swift */,
			);
			path = view;
			sourceTree = "<group>";
		};
		D94E73FE262B88A300DC4CE6 /* localdatasource */ = {
			isa = PBXGroup;
			children = (
				D94E7409262B89BB00DC4CE6 /* LocalDataSource.swift */,
				D94E740F262B8A3300DC4CE6 /* LocalDataSourceProtocol.swift */,
			);
			path = localdatasource;
			sourceTree = "<group>";
		};
		D94E73FF262B88B200DC4CE6 /* remotedatasource */ = {
			isa = PBXGroup;
			children = (
				D94E7407262B899E00DC4CE6 /* RemoteDataSource.swift */,
				D94E740D262B8A0500DC4CE6 /* RemoteDataSourceProtocol.swift */,
			);
			path = remotedatasource;
			sourceTree = "<group>";
		};
		E355D8D1262F5F8F0027D0A8 /* APIServices */ = {
			isa = PBXGroup;
			children = (
				E355D8D4262F609F0027D0A8 /* APIRequest.swift */,
				E355D8D6262F64CE0027D0A8 /* APIRequestProtocol.swift */,
			);
			path = APIServices;
			sourceTree = "<group>";
		};
		E355D8D8262F77130027D0A8 /* NetworkResponeRepo */ = {
			isa = PBXGroup;
			children = (
				E355D8D9262F79BC0027D0A8 /* SportsRepoProtocol.swift */,
				E355D8DB262F79E90027D0A8 /* SportsRepo.swift */,
				E355D8DD262F7A100027D0A8 /* LeagueRepoProtocol.swift */,
				E355D8DF262F7A2B0027D0A8 /* LeaguesRepo.swift */,
				E355D8E1262F7A7A0027D0A8 /* LeagueDetailsRepoProtocol.swift */,
				E355D8E3262F7A8F0027D0A8 /* LeagueDetailsRepo.swift */,
			);
			path = NetworkResponeRepo;
			sourceTree = "<group>";
		};
/* End PBXGroup section */

/* Begin PBXNativeTarget section */
		D94E73CC262B843000DC4CE6 /* SportsApp */ = {
			isa = PBXNativeTarget;
			buildConfigurationList = D94E73E4262B843800DC4CE6 /* Build configuration list for PBXNativeTarget "SportsApp" */;
			buildPhases = (
				D7EE26C2DDC639B8F5793379 /* [CP] Check Pods Manifest.lock */,
				D94E73C9262B843000DC4CE6 /* Sources */,
				D94E73CA262B843000DC4CE6 /* Frameworks */,
				D94E73CB262B843000DC4CE6 /* Resources */,
				EB93332F39E575B03E7887F7 /* [CP] Embed Pods Frameworks */,
			);
			buildRules = (
			);
			dependencies = (
			);
			name = SportsApp;
			productName = SportsApp;
			productReference = D94E73CD262B843000DC4CE6 /* SportsApp.app */;
			productType = "com.apple.product-type.application";
		};
/* End PBXNativeTarget section */

/* Begin PBXProject section */
		D94E73C5262B842F00DC4CE6 /* Project object */ = {
			isa = PBXProject;
			attributes = {
				LastSwiftUpdateCheck = 1140;
				LastUpgradeCheck = 1140;
				ORGANIZATIONNAME = AElfarsisy;
				TargetAttributes = {
					D94E73CC262B843000DC4CE6 = {
						CreatedOnToolsVersion = 11.4;
					};
				};
			};
			buildConfigurationList = D94E73C8262B842F00DC4CE6 /* Build configuration list for PBXProject "SportsApp" */;
			compatibilityVersion = "Xcode 9.3";
			developmentRegion = en;
			hasScannedForEncodings = 0;
			knownRegions = (
				en,
				Base,
			);
			mainGroup = D94E73C4262B842F00DC4CE6;
			productRefGroup = D94E73CE262B843000DC4CE6 /* Products */;
			projectDirPath = "";
			projectRoot = "";
			targets = (
				D94E73CC262B843000DC4CE6 /* SportsApp */,
			);
		};
/* End PBXProject section */

/* Begin PBXResourcesBuildPhase section */
		D94E73CB262B843000DC4CE6 /* Resources */ = {
			isa = PBXResourcesBuildPhase;
			buildActionMask = 2147483647;
			files = (
				E35A5CA12631BBE60093BE31 /* sport.png in Resources */,
				D94E73E0262B843800DC4CE6 /* LaunchScreen.storyboard in Resources */,
				D94E73DD262B843800DC4CE6 /* Assets.xcassets in Resources */,
				D94E73D8262B843000DC4CE6 /* Main.storyboard in Resources */,
			);
			runOnlyForDeploymentPostprocessing = 0;
		};
/* End PBXResourcesBuildPhase section */

/* Begin PBXShellScriptBuildPhase section */
		D7EE26C2DDC639B8F5793379 /* [CP] Check Pods Manifest.lock */ = {
			isa = PBXShellScriptBuildPhase;
			buildActionMask = 2147483647;
			files = (
			);
			inputFileListPaths = (
			);
			inputPaths = (
				"${PODS_PODFILE_DIR_PATH}/Podfile.lock",
				"${PODS_ROOT}/Manifest.lock",
			);
			name = "[CP] Check Pods Manifest.lock";
			outputFileListPaths = (
			);
			outputPaths = (
				"$(DERIVED_FILE_DIR)/Pods-SportsApp-checkManifestLockResult.txt",
			);
			runOnlyForDeploymentPostprocessing = 0;
			shellPath = /bin/sh;
			shellScript = "diff \"${PODS_PODFILE_DIR_PATH}/Podfile.lock\" \"${PODS_ROOT}/Manifest.lock\" > /dev/null\nif [ $? != 0 ] ; then\n    # print error to STDERR\n    echo \"error: The sandbox is not in sync with the Podfile.lock. Run 'pod install' or update your CocoaPods installation.\" >&2\n    exit 1\nfi\n# This output is used by Xcode 'outputs' to avoid re-running this script phase.\necho \"SUCCESS\" > \"${SCRIPT_OUTPUT_FILE_0}\"\n";
			showEnvVarsInLog = 0;
		};
		EB93332F39E575B03E7887F7 /* [CP] Embed Pods Frameworks */ = {
			isa = PBXShellScriptBuildPhase;
			buildActionMask = 2147483647;
			files = (
			);
			inputFileListPaths = (
				"${PODS_ROOT}/Target Support Files/Pods-SportsApp/Pods-SportsApp-frameworks-${CONFIGURATION}-input-files.xcfilelist",
			);
			name = "[CP] Embed Pods Frameworks";
			outputFileListPaths = (
				"${PODS_ROOT}/Target Support Files/Pods-SportsApp/Pods-SportsApp-frameworks-${CONFIGURATION}-output-files.xcfilelist",
			);
			runOnlyForDeploymentPostprocessing = 0;
			shellPath = /bin/sh;
			shellScript = "\"${PODS_ROOT}/Target Support Files/Pods-SportsApp/Pods-SportsApp-frameworks.sh\"\n";
			showEnvVarsInLog = 0;
		};
/* End PBXShellScriptBuildPhase section */

/* Begin PBXSourcesBuildPhase section */
		D94E73C9262B843000DC4CE6 /* Sources */ = {
			isa = PBXSourcesBuildPhase;
			buildActionMask = 2147483647;
			files = (
				E355D8DE262F7A100027D0A8 /* LeagueRepoProtocol.swift in Sources */,
				E389B5D9262CFB4C008FE78B /* Countrys.swift in Sources */,
				D94E7412262B8B7700DC4CE6 /* SportsResponse.swift in Sources */,
				D94E740A262B89BB00DC4CE6 /* LocalDataSource.swift in Sources */,
				E351BCF3262E16C40037A121 /* Events.swift in Sources */,
				E35C43D2262F88F200644EA6 /* AppDependancy.swift in Sources */,
				E359304926347F07000CF3B5 /* SportsViewControllerProtocol.swift in Sources */,
				D94E7406262B894200DC4CE6 /* DataSourceProtocol.swift in Sources */,
				E341808026321B7F005AEE3C /* FavoritCell.swift in Sources */,
				E355D8D5262F609F0027D0A8 /* APIRequest.swift in Sources */,
				E351BCF4262E16C40037A121 /* UpcomingEvents.swift in Sources */,
				E355D8DA262F79BC0027D0A8 /* SportsRepoProtocol.swift in Sources */,
				D94E742A262B9A7C00DC4CE6 /* LeaguePresenterProtocol.swift in Sources */,
				D94E742C262B9AA500DC4CE6 /* LeagueDetailPresenterProtocol.swift in Sources */,
				D94E741E262B99B600DC4CE6 /* LeagueDetailPresenter.swift in Sources */,
				E355D8DC262F79E90027D0A8 /* SportsRepo.swift in Sources */,
				D94E73D5262B843000DC4CE6 /* ViewController.swift in Sources */,
				E35C43D6262F988D00644EA6 /* RouterD.swift in Sources */,
				D94E73D1262B843000DC4CE6 /* AppDelegate.swift in Sources */,
				D94E7430262B9BAC00DC4CE6 /* view2.swift in Sources */,
				D94E7422262B99F600DC4CE6 /* FavoritePresenter.swift in Sources */,
				D94E741A262B94B800DC4CE6 /* TeamsResponse.swift in Sources */,
				D94E7426262B9A4100DC4CE6 /* HomePresenterProtocol.swift in Sources */,
				E3AD7A2E2630F80300051A37 /* SportsCell.swift in Sources */,
				D94E741C262B998200DC4CE6 /* TeamDetailPresenter.swift in Sources */,
				E341808426322DA5005AEE3C /* LeaguesViewController.swift in Sources */,
				D94E7416262B8CD400DC4CE6 /* LeagueDetail.swift in Sources */,
				D94E742E262B9AC600DC4CE6 /* TeamDetailPresenterProtocol.swift in Sources */,
				D94E7410262B8A3300DC4CE6 /* LocalDataSourceProtocol.swift in Sources */,
				D94E73FD262B877B00DC4CE6 /* Constans.swift in Sources */,
				D94E7420262B99D200DC4CE6 /* LeaguePresenter.swift in Sources */,
				E341808626322E10005AEE3C /* LeaguesCell.swift in Sources */,
				D94E7408262B899E00DC4CE6 /* RemoteDataSource.swift in Sources */,
				D94E73DB262B843000DC4CE6 /* SportsApp.xcdatamodeld in Sources */,
				D94E73D3262B843000DC4CE6 /* SceneDelegate.swift in Sources */,
				D94E7402262B88EC00DC4CE6 /* Repository.swift in Sources */,
				D94E7436262B9BF900DC4CE6 /* view4.swift in Sources */,
				E355D8D7262F64CE0027D0A8 /* APIRequestProtocol.swift in Sources */,
				E355D8E2262F7A7A0027D0A8 /* LeagueDetailsRepoProtocol.swift in Sources */,
				E3E6BFD22630DD5400EAA7AC /* SportsViewController.swift in Sources */,
				D94E7414262B8C1C00DC4CE6 /* LeagueResponse.swift in Sources */,
				D94E7418262B901D00DC4CE6 /* LatestResults.swift in Sources */,
				E389B5D8262CFB4C008FE78B /* Json4Swift_Base.swift in Sources */,
				D94E7428262B9A6000DC4CE6 /* FavoritePresenterProtocol.swift in Sources */,
				D94E7432262B9BC800DC4CE6 /* view1.swift in Sources */,
				E355D8E4262F7A8F0027D0A8 /* LeagueDetailsRepo.swift in Sources */,
				D94E7404262B891900DC4CE6 /* RepositoryProtocol.swift in Sources */,
				D94E740E262B8A0500DC4CE6 /* RemoteDataSourceProtocol.swift in Sources */,
				E341808226321BD1005AEE3C /* FavoritsViewController.swift in Sources */,
				E355D8E0262F7A2B0027D0A8 /* LeaguesRepo.swift in Sources */,
				D94E7424262B9A2100DC4CE6 /* HomePresenter.swift in Sources */,
			);
			runOnlyForDeploymentPostprocessing = 0;
		};
/* End PBXSourcesBuildPhase section */

/* Begin PBXVariantGroup section */
		D94E73D6262B843000DC4CE6 /* Main.storyboard */ = {
			isa = PBXVariantGroup;
			children = (
				D94E73D7262B843000DC4CE6 /* Base */,
			);
			name = Main.storyboard;
			sourceTree = "<group>";
		};
		D94E73DE262B843800DC4CE6 /* LaunchScreen.storyboard */ = {
			isa = PBXVariantGroup;
			children = (
				D94E73DF262B843800DC4CE6 /* Base */,
			);
			name = LaunchScreen.storyboard;
			sourceTree = "<group>";
		};
/* End PBXVariantGroup section */

/* Begin XCBuildConfiguration section */
		D94E73E2262B843800DC4CE6 /* Debug */ = {
			isa = XCBuildConfiguration;
			buildSettings = {
				ALWAYS_SEARCH_USER_PATHS = NO;
				CLANG_ANALYZER_NONNULL = YES;
				CLANG_ANALYZER_NUMBER_OBJECT_CONVERSION = YES_AGGRESSIVE;
				CLANG_CXX_LANGUAGE_STANDARD = "gnu++14";
				CLANG_CXX_LIBRARY = "libc++";
				CLANG_ENABLE_MODULES = YES;
				CLANG_ENABLE_OBJC_ARC = YES;
				CLANG_ENABLE_OBJC_WEAK = YES;
				CLANG_WARN_BLOCK_CAPTURE_AUTORELEASING = YES;
				CLANG_WARN_BOOL_CONVERSION = YES;
				CLANG_WARN_COMMA = YES;
				CLANG_WARN_CONSTANT_CONVERSION = YES;
				CLANG_WARN_DEPRECATED_OBJC_IMPLEMENTATIONS = YES;
				CLANG_WARN_DIRECT_OBJC_ISA_USAGE = YES_ERROR;
				CLANG_WARN_DOCUMENTATION_COMMENTS = YES;
				CLANG_WARN_EMPTY_BODY = YES;
				CLANG_WARN_ENUM_CONVERSION = YES;
				CLANG_WARN_INFINITE_RECURSION = YES;
				CLANG_WARN_INT_CONVERSION = YES;
				CLANG_WARN_NON_LITERAL_NULL_CONVERSION = YES;
				CLANG_WARN_OBJC_IMPLICIT_RETAIN_SELF = YES;
				CLANG_WARN_OBJC_LITERAL_CONVERSION = YES;
				CLANG_WARN_OBJC_ROOT_CLASS = YES_ERROR;
				CLANG_WARN_RANGE_LOOP_ANALYSIS = YES;
				CLANG_WARN_STRICT_PROTOTYPES = YES;
				CLANG_WARN_SUSPICIOUS_MOVE = YES;
				CLANG_WARN_UNGUARDED_AVAILABILITY = YES_AGGRESSIVE;
				CLANG_WARN_UNREACHABLE_CODE = YES;
				CLANG_WARN__DUPLICATE_METHOD_MATCH = YES;
				COPY_PHASE_STRIP = NO;
				DEBUG_INFORMATION_FORMAT = dwarf;
				ENABLE_STRICT_OBJC_MSGSEND = YES;
				ENABLE_TESTABILITY = YES;
				GCC_C_LANGUAGE_STANDARD = gnu11;
				GCC_DYNAMIC_NO_PIC = NO;
				GCC_NO_COMMON_BLOCKS = YES;
				GCC_OPTIMIZATION_LEVEL = 0;
				GCC_PREPROCESSOR_DEFINITIONS = (
					"DEBUG=1",
					"$(inherited)",
				);
				GCC_WARN_64_TO_32_BIT_CONVERSION = YES;
				GCC_WARN_ABOUT_RETURN_TYPE = YES_ERROR;
				GCC_WARN_UNDECLARED_SELECTOR = YES;
				GCC_WARN_UNINITIALIZED_AUTOS = YES_AGGRESSIVE;
				GCC_WARN_UNUSED_FUNCTION = YES;
				GCC_WARN_UNUSED_VARIABLE = YES;
				IPHONEOS_DEPLOYMENT_TARGET = 13.4;
				MTL_ENABLE_DEBUG_INFO = INCLUDE_SOURCE;
				MTL_FAST_MATH = YES;
				ONLY_ACTIVE_ARCH = YES;
				SDKROOT = iphoneos;
				SWIFT_ACTIVE_COMPILATION_CONDITIONS = DEBUG;
				SWIFT_OPTIMIZATION_LEVEL = "-Onone";
			};
			name = Debug;
		};
		D94E73E3262B843800DC4CE6 /* Release */ = {
			isa = XCBuildConfiguration;
			buildSettings = {
				ALWAYS_SEARCH_USER_PATHS = NO;
				CLANG_ANALYZER_NONNULL = YES;
				CLANG_ANALYZER_NUMBER_OBJECT_CONVERSION = YES_AGGRESSIVE;
				CLANG_CXX_LANGUAGE_STANDARD = "gnu++14";
				CLANG_CXX_LIBRARY = "libc++";
				CLANG_ENABLE_MODULES = YES;
				CLANG_ENABLE_OBJC_ARC = YES;
				CLANG_ENABLE_OBJC_WEAK = YES;
				CLANG_WARN_BLOCK_CAPTURE_AUTORELEASING = YES;
				CLANG_WARN_BOOL_CONVERSION = YES;
				CLANG_WARN_COMMA = YES;
				CLANG_WARN_CONSTANT_CONVERSION = YES;
				CLANG_WARN_DEPRECATED_OBJC_IMPLEMENTATIONS = YES;
				CLANG_WARN_DIRECT_OBJC_ISA_USAGE = YES_ERROR;
				CLANG_WARN_DOCUMENTATION_COMMENTS = YES;
				CLANG_WARN_EMPTY_BODY = YES;
				CLANG_WARN_ENUM_CONVERSION = YES;
				CLANG_WARN_INFINITE_RECURSION = YES;
				CLANG_WARN_INT_CONVERSION = YES;
				CLANG_WARN_NON_LITERAL_NULL_CONVERSION = YES;
				CLANG_WARN_OBJC_IMPLICIT_RETAIN_SELF = YES;
				CLANG_WARN_OBJC_LITERAL_CONVERSION = YES;
				CLANG_WARN_OBJC_ROOT_CLASS = YES_ERROR;
				CLANG_WARN_RANGE_LOOP_ANALYSIS = YES;
				CLANG_WARN_STRICT_PROTOTYPES = YES;
				CLANG_WARN_SUSPICIOUS_MOVE = YES;
				CLANG_WARN_UNGUARDED_AVAILABILITY = YES_AGGRESSIVE;
				CLANG_WARN_UNREACHABLE_CODE = YES;
				CLANG_WARN__DUPLICATE_METHOD_MATCH = YES;
				COPY_PHASE_STRIP = NO;
				DEBUG_INFORMATION_FORMAT = "dwarf-with-dsym";
				ENABLE_NS_ASSERTIONS = NO;
				ENABLE_STRICT_OBJC_MSGSEND = YES;
				GCC_C_LANGUAGE_STANDARD = gnu11;
				GCC_NO_COMMON_BLOCKS = YES;
				GCC_WARN_64_TO_32_BIT_CONVERSION = YES;
				GCC_WARN_ABOUT_RETURN_TYPE = YES_ERROR;
				GCC_WARN_UNDECLARED_SELECTOR = YES;
				GCC_WARN_UNINITIALIZED_AUTOS = YES_AGGRESSIVE;
				GCC_WARN_UNUSED_FUNCTION = YES;
				GCC_WARN_UNUSED_VARIABLE = YES;
				IPHONEOS_DEPLOYMENT_TARGET = 13.4;
				MTL_ENABLE_DEBUG_INFO = NO;
				MTL_FAST_MATH = YES;
				SDKROOT = iphoneos;
				SWIFT_COMPILATION_MODE = wholemodule;
				SWIFT_OPTIMIZATION_LEVEL = "-O";
				VALIDATE_PRODUCT = YES;
			};
			name = Release;
		};
		D94E73E5262B843800DC4CE6 /* Debug */ = {
			isa = XCBuildConfiguration;
			baseConfigurationReference = DA99A66AB3373265AC250FBB /* Pods-SportsApp.debug.xcconfig */;
			buildSettings = {
				ASSETCATALOG_COMPILER_APPICON_NAME = AppIcon;
				CODE_SIGN_STYLE = Automatic;
				INFOPLIST_FILE = SportsApp/Info.plist;
				LD_RUNPATH_SEARCH_PATHS = (
					"$(inherited)",
					"@executable_path/Frameworks",
				);
				PRODUCT_BUNDLE_IDENTIFIER = ITI.SportsApp;
				PRODUCT_NAME = "$(TARGET_NAME)";
				SWIFT_VERSION = 5.0;
				TARGETED_DEVICE_FAMILY = "1,2";
			};
			name = Debug;
		};
		D94E73E6262B843800DC4CE6 /* Release */ = {
			isa = XCBuildConfiguration;
			baseConfigurationReference = F8822B3A0D33864A7F5EE2C8 /* Pods-SportsApp.release.xcconfig */;
			buildSettings = {
				ASSETCATALOG_COMPILER_APPICON_NAME = AppIcon;
				CODE_SIGN_STYLE = Automatic;
				INFOPLIST_FILE = SportsApp/Info.plist;
				LD_RUNPATH_SEARCH_PATHS = (
					"$(inherited)",
					"@executable_path/Frameworks",
				);
				PRODUCT_BUNDLE_IDENTIFIER = ITI.SportsApp;
				PRODUCT_NAME = "$(TARGET_NAME)";
				SWIFT_VERSION = 5.0;
				TARGETED_DEVICE_FAMILY = "1,2";
			};
			name = Release;
		};
/* End XCBuildConfiguration section */

/* Begin XCConfigurationList section */
		D94E73C8262B842F00DC4CE6 /* Build configuration list for PBXProject "SportsApp" */ = {
			isa = XCConfigurationList;
			buildConfigurations = (
				D94E73E2262B843800DC4CE6 /* Debug */,
				D94E73E3262B843800DC4CE6 /* Release */,
			);
			defaultConfigurationIsVisible = 0;
			defaultConfigurationName = Release;
		};
		D94E73E4262B843800DC4CE6 /* Build configuration list for PBXNativeTarget "SportsApp" */ = {
			isa = XCConfigurationList;
			buildConfigurations = (
				D94E73E5262B843800DC4CE6 /* Debug */,
				D94E73E6262B843800DC4CE6 /* Release */,
			);
			defaultConfigurationIsVisible = 0;
			defaultConfigurationName = Release;
		};
/* End XCConfigurationList section */

/* Begin XCVersionGroup section */
		D94E73D9262B843000DC4CE6 /* SportsApp.xcdatamodeld */ = {
			isa = XCVersionGroup;
			children = (
				D94E73DA262B843000DC4CE6 /* SportsApp.xcdatamodel */,
			);
			currentVersion = D94E73DA262B843000DC4CE6 /* SportsApp.xcdatamodel */;
			path = SportsApp.xcdatamodeld;
			sourceTree = "<group>";
			versionGroupType = wrapper.xcdatamodel;
		};
/* End XCVersionGroup section */
	};
	rootObject = D94E73C5262B842F00DC4CE6 /* Project object */;
}
